
Microsoft Visual Studio Solution File, Format Version 12.00
# Visual Studio Version 17
VisualStudioVersion = 17.4.33205.214
MinimumVisualStudioVersion = 10.0.40219.1
Project("{FAE04EC0-301F-11D3-BF4B-00C04F79EFBC}") = "Linkedlist289", "Linkedlist289\Linkedlist289.csproj", "{722C21AE-FC50-4E35-9912-ED64CF8FF287}"
EndProject
Global
	GlobalSection(SolutionConfigurationPlatforms) = preSolution
		Debug|Any CPU = Debug|Any CPU
		Release|Any CPU = Release|Any CPU
	EndGlobalSection
	GlobalSection(ProjectConfigurationPlatforms) = postSolution
		{722C21AE-FC50-4E35-9912-ED64CF8FF287}.Debug|Any CPU.ActiveCfg = Debug|Any CPU
		{722C21AE-FC50-4E35-9912-ED64CF8FF287}.Debug|Any CPU.Build.0 = Debug|Any CPU
		{722C21AE-FC50-4E35-9912-ED64CF8FF287}.Release|Any CPU.ActiveCfg = Release|Any CPU
		{722C21AE-FC50-4E35-9912-ED64CF8FF287}.Release|Any CPU.Build.0 = Release|Any CPU
	EndGlobalSection
	GlobalSection(SolutionProperties) = preSolution
		HideSolutionNode = FALSE
	EndGlobalSection
	GlobalSection(ExtensibilityGlobals) = postSolution
		SolutionGuid = {345EE3EB-48A9-4311-9BD2-B4188B6BFFBE}
	EndGlobalSection
EndGlobal
